Microsoft Visual Studio Solution File, Format Version 12.00
Project("{F2A71F9B-5D33-465A-A702-920D77279786}") = "Worker", "Worker\Worker.fsproj", "{FBDAA8C1-44CF-4197-A156-6FB076159212}"
EndProject
Project("{2150E333-8FDC-42A3-9474-1A3956D46DE8}") = "Solution files", "Solution files", "{8AAF9929-560F-49AB-8E70-F6380EB220C9}"
	ProjectSection(SolutionItems) = preProject
		..\README.md = ..\README.md
	EndProjectSection
EndProject
Project("{F2A71F9B-5D33-465A-A702-920D77279786}") = "Domain", "Domain\Domain.fsproj", "{157D29E9-B9EC-4CA4-A4BF-384B83E2D4C1}"
EndProject
Project("{F2A71F9B-5D33-465A-A702-920D77279786}") = "Infrastructure", "Infrastructure\Infrastructure.fsproj", "{5C5669DC-A6ED-420F-89BE-AB306C46D8A4}"
EndProject
Project("{2150E333-8FDC-42A3-9474-1A3956D46DE8}") = "tests", "tests", "{574BBC0F-EE9D-4A3A-B1AE-87D474FC7E5B}"
EndProject
Project("{F2A71F9B-5D33-465A-A702-920D77279786}") = "Domain.Tests", "..\tests\Domain.Tests\Domain.Tests.fsproj", "{3F324E72-4FD9-41B1-AFDA-B7F5851DC641}"
EndProject
Project("{2150E333-8FDC-42A3-9474-1A3956D46DE8}") = "src", "src", "{940ECC4D-7C81-44A3-8E6E-2E1BF598C35D}"
EndProject
Project("{2150E333-8FDC-42A3-9474-1A3956D46DE8}") = "Runners", "Runners", "{0950F53E-4328-4A25-BDAC-DB516EFD675F}"
EndProject
Project("{2150E333-8FDC-42A3-9474-1A3956D46DE8}") = "Core", "Core", "{85D6AAE4-63DD-4A14-A9C2-E9A3B8A3ED27}"
EndProject
Project("{2150E333-8FDC-42A3-9474-1A3956D46DE8}") = "Integrations", "Integrations", "{53D6951B-F451-4F0A-8146-CA06AAE3DDA9}"
EndProject
Global
	GlobalSection(SolutionConfigurationPlatforms) = preSolution
		Debug|Any CPU = Debug|Any CPU
		Release|Any CPU = Release|Any CPU
	EndGlobalSection
	GlobalSection(ProjectConfigurationPlatforms) = postSolution
		{FBDAA8C1-44CF-4197-A156-6FB076159212}.Debug|Any CPU.ActiveCfg = Debug|Any CPU
		{FBDAA8C1-44CF-4197-A156-6FB076159212}.Debug|Any CPU.Build.0 = Debug|Any CPU
		{FBDAA8C1-44CF-4197-A156-6FB076159212}.Release|Any CPU.ActiveCfg = Release|Any CPU
		{FBDAA8C1-44CF-4197-A156-6FB076159212}.Release|Any CPU.Build.0 = Release|Any CPU
		{157D29E9-B9EC-4CA4-A4BF-384B83E2D4C1}.Debug|Any CPU.ActiveCfg = Debug|Any CPU
		{157D29E9-B9EC-4CA4-A4BF-384B83E2D4C1}.Debug|Any CPU.Build.0 = Debug|Any CPU
		{157D29E9-B9EC-4CA4-A4BF-384B83E2D4C1}.Release|Any CPU.ActiveCfg = Release|Any CPU
		{157D29E9-B9EC-4CA4-A4BF-384B83E2D4C1}.Release|Any CPU.Build.0 = Release|Any CPU
		{5C5669DC-A6ED-420F-89BE-AB306C46D8A4}.Debug|Any CPU.ActiveCfg = Debug|Any CPU
		{5C5669DC-A6ED-420F-89BE-AB306C46D8A4}.Debug|Any CPU.Build.0 = Debug|Any CPU
		{5C5669DC-A6ED-420F-89BE-AB306C46D8A4}.Release|Any CPU.ActiveCfg = Release|Any CPU
		{5C5669DC-A6ED-420F-89BE-AB306C46D8A4}.Release|Any CPU.Build.0 = Release|Any CPU
		{3F324E72-4FD9-41B1-AFDA-B7F5851DC641}.Debug|Any CPU.ActiveCfg = Debug|Any CPU
		{3F324E72-4FD9-41B1-AFDA-B7F5851DC641}.Debug|Any CPU.Build.0 = Debug|Any CPU
		{3F324E72-4FD9-41B1-AFDA-B7F5851DC641}.Release|Any CPU.ActiveCfg = Release|Any CPU
		{3F324E72-4FD9-41B1-AFDA-B7F5851DC641}.Release|Any CPU.Build.0 = Release|Any CPU
	EndGlobalSection
	GlobalSection(NestedProjects) = preSolution
		{3F324E72-4FD9-41B1-AFDA-B7F5851DC641} = {574BBC0F-EE9D-4A3A-B1AE-87D474FC7E5B}
		{0950F53E-4328-4A25-BDAC-DB516EFD675F} = {940ECC4D-7C81-44A3-8E6E-2E1BF598C35D}
		{FBDAA8C1-44CF-4197-A156-6FB076159212} = {0950F53E-4328-4A25-BDAC-DB516EFD675F}
		{85D6AAE4-63DD-4A14-A9C2-E9A3B8A3ED27} = {940ECC4D-7C81-44A3-8E6E-2E1BF598C35D}
		{157D29E9-B9EC-4CA4-A4BF-384B83E2D4C1} = {85D6AAE4-63DD-4A14-A9C2-E9A3B8A3ED27}
		{53D6951B-F451-4F0A-8146-CA06AAE3DDA9} = {940ECC4D-7C81-44A3-8E6E-2E1BF598C35D}
		{5C5669DC-A6ED-420F-89BE-AB306C46D8A4} = {53D6951B-F451-4F0A-8146-CA06AAE3DDA9}
	EndGlobalSection
EndGlobal
