Microsoft Visual Studio Solution File, Format Version 12.00
Project("{F2A71F9B-5D33-465A-A702-920D77279786}") = "Worker", "Worker\Worker.fsproj", "{FBDAA8C1-44CF-4197-A156-6FB076159212}"
EndProject
Global
	GlobalSection(SolutionConfigurationPlatforms) = preSolution
		Debug|Any CPU = Debug|Any CPU
		Release|Any CPU = Release|Any CPU
	EndGlobalSection
	GlobalSection(ProjectConfigurationPlatforms) = postSolution
		{FBDAA8C1-44CF-4197-A156-6FB076159212}.Debug|Any CPU.ActiveCfg = Debug|Any CPU
		{FBDAA8C1-44CF-4197-A156-6FB076159212}.Debug|Any CPU.Build.0 = Debug|Any CPU
		{FBDAA8C1-44CF-4197-A156-6FB076159212}.Release|Any CPU.ActiveCfg = Release|Any CPU
		{FBDAA8C1-44CF-4197-A156-6FB076159212}.Release|Any CPU.Build.0 = Release|Any CPU
	EndGlobalSection
EndGlobal
